
Microsoft Visual Studio Solution File, Format Version 12.00
# Visual Studio Version 16
VisualStudioVersion = 16.0.29503.13
MinimumVisualStudioVersion = 10.0.40219.1
Project("{8BC9CEB8-8B4A-11D0-8D11-00A0C91BC942}") = "C++实验六", "C++实验六\C++实验六.vcxproj", "{1A3B5B31-CA62-4057-9820-3FE327E8DA67}"
EndProject
Global
	GlobalSection(SolutionConfigurationPlatforms) = preSolution
		Debug|x64 = Debug|x64
		Debug|x86 = Debug|x86
		Release|x64 = Release|x64
		Release|x86 = Release|x86
	EndGlobalSection
	GlobalSection(ProjectConfigurationPlatforms) = postSolution
		{1A3B5B31-CA62-4057-9820-3FE327E8DA67}.Debug|x64.ActiveCfg = Debug|x64
		{1A3B5B31-CA62-4057-9820-3FE327E8DA67}.Debug|x64.Build.0 = Debug|x64
		{1A3B5B31-CA62-4057-9820-3FE327E8DA67}.Debug|x86.ActiveCfg = Debug|Win32
		{1A3B5B31-CA62-4057-9820-3FE327E8DA67}.Debug|x86.Build.0 = Debug|Win32
		{1A3B5B31-CA62-4057-9820-3FE327E8DA67}.Release|x64.ActiveCfg = Release|x64
		{1A3B5B31-CA62-4057-9820-3FE327E8DA67}.Release|x64.Build.0 = Release|x64
		{1A3B5B31-CA62-4057-9820-3FE327E8DA67}.Release|x86.ActiveCfg = Release|Win32
		{1A3B5B31-CA62-4057-9820-3FE327E8DA67}.Release|x86.Build.0 = Release|Win32
	EndGlobalSection
	GlobalSection(SolutionProperties) = preSolution
		HideSolutionNode = FALSE
	EndGlobalSection
	GlobalSection(ExtensibilityGlobals) = postSolution
		SolutionGuid = {60B285C9-F3C9-4FFF-A69B-B72C7593627C}
	EndGlobalSection
EndGlobal
